// !$*UTF8*$!
{
	archiveVersion = 1;
	classes = {
	};
	objectVersion = 77;
	objects = {

/* Begin PBXBuildFile section */
		2066B02C5F1C6F10962D5C82 /* NeuronApp.swift in Sources */ = {isa = PBXBuildFile; fileRef = BE9DA22D083EF248F476110A /* NeuronApp.swift */; };
		280540D2A498E82FE904D1AD /* NewsView.swift in Sources */ = {isa = PBXBuildFile; fileRef = 4D41432B390E4ACD1BD799F1 /* NewsView.swift */; };
		2DF990F7CC08E4F708667464 /* SettingsView.swift in Sources */ = {isa = PBXBuildFile; fileRef = 36B8A48B6780EB8D91B46477 /* SettingsView.swift */; };
		306876EAA579A05EC2114BC6 /* APIClient.swift in Sources */ = {isa = PBXBuildFile; fileRef = 129B63FB3E41DC6E92DE3574 /* APIClient.swift */; };
		419BF10DA72CE913C9E2850A /* OnboardingView.swift in Sources */ = {isa = PBXBuildFile; fileRef = BE4BDF278F57A1E536224445 /* OnboardingView.swift */; };
		436CB9EFA6DAAAF71676C056 /* HomeView.swift in Sources */ = {isa = PBXBuildFile; fileRef = 2F2412635C59151A3BA84111 /* HomeView.swift */; };
		5176AD7F9D7684D0C68AA9E5 /* AppSettings.swift in Sources */ = {isa = PBXBuildFile; fileRef = 8E5B44B3F90DD5F2FF74734C /* AppSettings.swift */; };
		6D46131ACB257E6EECDBFC20 /* SparksView.swift in Sources */ = {isa = PBXBuildFile; fileRef = 0C48F41BE456FCCC1724411B /* SparksView.swift */; };
		7AE12BF8024888227694DEB0 /* AskView.swift in Sources */ = {isa = PBXBuildFile; fileRef = 2429506D88DE069DF2DF99F4 /* AskView.swift */; };
		7E7049E634CF4D90C121AF1F /* ContentView.swift in Sources */ = {isa = PBXBuildFile; fileRef = 7F896B0E993A30A47F8FF3E3 /* ContentView.swift */; };
		D7B12EEEF034EA298EC75917 /* LibraryView.swift in Sources */ = {isa = PBXBuildFile; fileRef = 2E3B3FB2B18ADADD6AE8A8F8 /* LibraryView.swift */; };
/* End PBXBuildFile section */

/* Begin PBXFileReference section */
		0C48F41BE456FCCC1724411B /* SparksView.swift */ = {isa = PBXFileReference; lastKnownFileType = sourcecode.swift; path = SparksView.swift; sourceTree = "<group>"; };
		129B63FB3E41DC6E92DE3574 /* APIClient.swift */ = {isa = PBXFileReference; lastKnownFileType = sourcecode.swift; path = APIClient.swift; sourceTree = "<group>"; };
		23E6F5E328DE213731E07995 /* Neuron.app */ = {isa = PBXFileReference; includeInIndex = 0; lastKnownFileType = wrapper.application; path = Neuron.app; sourceTree = BUILT_PRODUCTS_DIR; };
		2429506D88DE069DF2DF99F4 /* AskView.swift */ = {isa = PBXFileReference; lastKnownFileType = sourcecode.swift; path = AskView.swift; sourceTree = "<group>"; };
		2E3B3FB2B18ADADD6AE8A8F8 /* LibraryView.swift */ = {isa = PBXFileReference; lastKnownFileType = sourcecode.swift; path = LibraryView.swift; sourceTree = "<group>"; };
		2F2412635C59151A3BA84111 /* HomeView.swift */ = {isa = PBXFileReference; lastKnownFileType = sourcecode.swift; path = HomeView.swift; sourceTree = "<group>"; };
		36B8A48B6780EB8D91B46477 /* SettingsView.swift */ = {isa = PBXFileReference; lastKnownFileType = sourcecode.swift; path = SettingsView.swift; sourceTree = "<group>"; };
		4D41432B390E4ACD1BD799F1 /* NewsView.swift */ = {isa = PBXFileReference; lastKnownFileType = sourcecode.swift; path = NewsView.swift; sourceTree = "<group>"; };
		7F896B0E993A30A47F8FF3E3 /* ContentView.swift */ = {isa = PBXFileReference; lastKnownFileType = sourcecode.swift; path = ContentView.swift; sourceTree = "<group>"; };
		8E5B44B3F90DD5F2FF74734C /* AppSettings.swift */ = {isa = PBXFileReference; lastKnownFileType = sourcecode.swift; path = AppSettings.swift; sourceTree = "<group>"; };
		A9A2AFD4127DA4748A950E66 /* Info.plist */ = {isa = PBXFileReference; lastKnownFileType = text.plist; path = Info.plist; sourceTree = "<group>"; };
		BE4BDF278F57A1E536224445 /* OnboardingView.swift */ = {isa = PBXFileReference; lastKnownFileType = sourcecode.swift; path = OnboardingView.swift; sourceTree = "<group>"; };
		BE9DA22D083EF248F476110A /* NeuronApp.swift */ = {isa = PBXFileReference; lastKnownFileType = sourcecode.swift; path = NeuronApp.swift; sourceTree = "<group>"; };
/* End PBXFileReference section */

/* Begin PBXGroup section */
		310F47B3D98FED10B541409E /* Neuron */ = {
			isa = PBXGroup;
			children = (
				129B63FB3E41DC6E92DE3574 /* APIClient.swift */,
				8E5B44B3F90DD5F2FF74734C /* AppSettings.swift */,
				2429506D88DE069DF2DF99F4 /* AskView.swift */,
				7F896B0E993A30A47F8FF3E3 /* ContentView.swift */,
				2F2412635C59151A3BA84111 /* HomeView.swift */,
				A9A2AFD4127DA4748A950E66 /* Info.plist */,
				2E3B3FB2B18ADADD6AE8A8F8 /* LibraryView.swift */,
				BE9DA22D083EF248F476110A /* NeuronApp.swift */,
				4D41432B390E4ACD1BD799F1 /* NewsView.swift */,
				BE4BDF278F57A1E536224445 /* OnboardingView.swift */,
				36B8A48B6780EB8D91B46477 /* SettingsView.swift */,
				0C48F41BE456FCCC1724411B /* SparksView.swift */,
			);
			path = Neuron;
			sourceTree = "<group>";
		};
		532CB59AA055FED50C72DE0C = {
			isa = PBXGroup;
			children = (
				310F47B3D98FED10B541409E /* Neuron */,
				84DCB8505F8BF26252931DED /* Products */,
			);
			sourceTree = "<group>";
		};
		84DCB8505F8BF26252931DED /* Products */ = {
			isa = PBXGroup;
			children = (
				23E6F5E328DE213731E07995 /* Neuron.app */,
			);
			name = Products;
			sourceTree = "<group>";
		};
/* End PBXGroup section */

/* Begin PBXNativeTarget section */
		E85F61916C26A1F5F3B00D9C /* Neuron */ = {
			isa = PBXNativeTarget;
			buildConfigurationList = FD37AD63EF0AEADABA89A42F /* Build configuration list for PBXNativeTarget "Neuron" */;
			buildPhases = (
				A1B205E04E96D7DDD5A5498E /* Sources */,
			);
			buildRules = (
			);
			dependencies = (
			);
			name = Neuron;
			packageProductDependencies = (
			);
			productName = Neuron;
			productReference = 23E6F5E328DE213731E07995 /* Neuron.app */;
			productType = "com.apple.product-type.application";
		};
/* End PBXNativeTarget section */

/* Begin PBXProject section */
		877D061D8CC84E1EB156EA9B /* Project object */ = {
			isa = PBXProject;
			attributes = {
				BuildIndependentTargetsInParallel = YES;
				LastUpgradeCheck = 1500;
				TargetAttributes = {
				};
			};
			buildConfigurationList = 4AA8EF5413D6F73A71A00891 /* Build configuration list for PBXProject "Neuron" */;
			developmentRegion = en;
			hasScannedForEncodings = 0;
			knownRegions = (
				Base,
				en,
			);
			mainGroup = 532CB59AA055FED50C72DE0C;
			minimizedProjectReferenceProxies = 1;
			preferredProjectObjectVersion = 77;
			productRefGroup = 84DCB8505F8BF26252931DED /* Products */;
			projectDirPath = "";
			projectRoot = "";
			targets = (
				E85F61916C26A1F5F3B00D9C /* Neuron */,
			);
		};
/* End PBXProject section */

/* Begin PBXSourcesBuildPhase section */
		A1B205E04E96D7DDD5A5498E /* Sources */ = {
			isa = PBXSourcesBuildPhase;
			buildActionMask = 2147483647;
			files = (
				306876EAA579A05EC2114BC6 /* APIClient.swift in Sources */,
				5176AD7F9D7684D0C68AA9E5 /* AppSettings.swift in Sources */,
				7AE12BF8024888227694DEB0 /* AskView.swift in Sources */,
				7E7049E634CF4D90C121AF1F /* ContentView.swift in Sources */,
				436CB9EFA6DAAAF71676C056 /* HomeView.swift in Sources */,
				D7B12EEEF034EA298EC75917 /* LibraryView.swift in Sources */,
				2066B02C5F1C6F10962D5C82 /* NeuronApp.swift in Sources */,
				280540D2A498E82FE904D1AD /* NewsView.swift in Sources */,
				419BF10DA72CE913C9E2850A /* OnboardingView.swift in Sources */,
				2DF990F7CC08E4F708667464 /* SettingsView.swift in Sources */,
				6D46131ACB257E6EECDBFC20 /* SparksView.swift in Sources */,
			);
			runOnlyForDeploymentPostprocessing = 0;
		};
/* End PBXSourcesBuildPhase section */

/* Begin XCBuildConfiguration section */
		5DAE487CBBA1263E1385B377 /* Debug */ = {
			isa = XCBuildConfiguration;
			buildSettings = {
				ALWAYS_SEARCH_USER_PATHS = NO;
				CLANG_ANALYZER_NONNULL = YES;
				CLANG_ANALYZER_NUMBER_OBJECT_CONVERSION = YES_AGGRESSIVE;
				CLANG_CXX_LANGUAGE_STANDARD = "gnu++14";
				CLANG_CXX_LIBRARY = "libc++";
				CLANG_ENABLE_MODULES = YES;
				CLANG_ENABLE_OBJC_ARC = YES;
				CLANG_ENABLE_OBJC_WEAK = YES;
				CLANG_WARN_BLOCK_CAPTURE_AUTORELEASING = YES;
				CLANG_WARN_BOOL_CONVERSION = YES;
				CLANG_WARN_COMMA = YES;
				CLANG_WARN_CONSTANT_CONVERSION = YES;
				CLANG_WARN_DEPRECATED_OBJC_IMPLEMENTATIONS = YES;
				CLANG_WARN_DIRECT_OBJC_ISA_USAGE = YES_ERROR;
				CLANG_WARN_DOCUMENTATION_COMMENTS = YES;
				CLANG_WARN_EMPTY_BODY = YES;
				CLANG_WARN_ENUM_CONVERSION = YES;
				CLANG_WARN_INFINITE_RECURSION = YES;
				CLANG_WARN_INT_CONVERSION = YES;
				CLANG_WARN_NON_LITERAL_NULL_CONVERSION = YES;
				CLANG_WARN_OBJC_IMPLICIT_RETAIN_SELF = YES;
				CLANG_WARN_OBJC_LITERAL_CONVERSION = YES;
				CLANG_WARN_OBJC_ROOT_CLASS = YES_ERROR;
				CLANG_WARN_QUOTED_INCLUDE_IN_FRAMEWORK_HEADER = YES;
				CLANG_WARN_RANGE_LOOP_ANALYSIS = YES;
				CLANG_WARN_STRICT_PROTOTYPES = YES;
				CLANG_WARN_SUSPICIOUS_MOVE = YES;
				CLANG_WARN_UNGUARDED_AVAILABILITY = YES_AGGRESSIVE;
				CLANG_WARN_UNREACHABLE_CODE = YES;
				CLANG_WARN__DUPLICATE_METHOD_MATCH = YES;
				COPY_PHASE_STRIP = NO;
				CURRENT_PROJECT_VERSION = 1;
				DEBUG_INFORMATION_FORMAT = dwarf;
				ENABLE_STRICT_OBJC_MSGSEND = YES;
				ENABLE_TESTABILITY = YES;
				GCC_C_LANGUAGE_STANDARD = gnu11;
				GCC_DYNAMIC_NO_PIC = NO;
				GCC_NO_COMMON_BLOCKS = YES;
				GCC_OPTIMIZATION_LEVEL = 0;
				GCC_PREPROCESSOR_DEFINITIONS = (
					"$(inherited)",
					"DEBUG=1",
				);
				GCC_WARN_64_TO_32_BIT_CONVERSION = YES;
				GCC_WARN_ABOUT_RETURN_TYPE = YES_ERROR;
				GCC_WARN_UNDECLARED_SELECTOR = YES;
				GCC_WARN_UNINITIALIZED_AUTOS = YES_AGGRESSIVE;
				GCC_WARN_UNUSED_FUNCTION = YES;
				GCC_WARN_UNUSED_VARIABLE = YES;
				IPHONEOS_DEPLOYMENT_TARGET = 17.0;
				MARKETING_VERSION = 1.0;
				MTL_ENABLE_DEBUG_INFO = INCLUDE_SOURCE;
				MTL_FAST_MATH = YES;
				ONLY_ACTIVE_ARCH = YES;
				PRODUCT_NAME = "$(TARGET_NAME)";
				SDKROOT = iphoneos;
				SWIFT_ACTIVE_COMPILATION_CONDITIONS = DEBUG;
				SWIFT_OPTIMIZATION_LEVEL = "-Onone";
				SWIFT_VERSION = 5.9;
			};
			name = Debug;
		};
		6731EC71D37F0866E8E7C7CC /* Debug */ = {
			isa = XCBuildConfiguration;
			buildSettings = {
				ASSETCATALOG_COMPILER_APPICON_NAME = AppIcon;
				CODE_SIGN_IDENTITY = "iPhone Developer";
				INFOPLIST_FILE = Neuron/Info.plist;
				IPHONEOS_DEPLOYMENT_TARGET = 17.0;
				LD_RUNPATH_SEARCH_PATHS = (
					"$(inherited)",
					"@executable_path/Frameworks",
				);
				PRODUCT_BUNDLE_IDENTIFIER = com.ralphbetesh.Neuron;
				SDKROOT = iphoneos;
				SUPPORTS_MACCATALYST = NO;
				TARGETED_DEVICE_FAMILY = "1,2";
			};
			name = Debug;
		};
		8A3D4E45CC5C812AB4351FD7 /* Release */ = {
			isa = XCBuildConfiguration;
			buildSettings = {
				ASSETCATALOG_COMPILER_APPICON_NAME = AppIcon;
				CODE_SIGN_IDENTITY = "iPhone Developer";
				INFOPLIST_FILE = Neuron/Info.plist;
				IPHONEOS_DEPLOYMENT_TARGET = 17.0;
				LD_RUNPATH_SEARCH_PATHS = (
					"$(inherited)",
					"@executable_path/Frameworks",
				);
				PRODUCT_BUNDLE_IDENTIFIER = com.ralphbetesh.Neuron;
				SDKROOT = iphoneos;
				SUPPORTS_MACCATALYST = NO;
				TARGETED_DEVICE_FAMILY = "1,2";
			};
			name = Release;
		};
		F9E965586B7F8B392E668696 /* Release */ = {
			isa = XCBuildConfiguration;
			buildSettings = {
				ALWAYS_SEARCH_USER_PATHS = NO;
				CLANG_ANALYZER_NONNULL = YES;
				CLANG_ANALYZER_NUMBER_OBJECT_CONVERSION = YES_AGGRESSIVE;
				CLANG_CXX_LANGUAGE_STANDARD = "gnu++14";
				CLANG_CXX_LIBRARY = "libc++";
				CLANG_ENABLE_MODULES = YES;
				CLANG_ENABLE_OBJC_ARC = YES;
				CLANG_ENABLE_OBJC_WEAK = YES;
				CLANG_WARN_BLOCK_CAPTURE_AUTORELEASING = YES;
				CLANG_WARN_BOOL_CONVERSION = YES;
				CLANG_WARN_COMMA = YES;
				CLANG_WARN_CONSTANT_CONVERSION = YES;
				CLANG_WARN_DEPRECATED_OBJC_IMPLEMENTATIONS = YES;
				CLANG_WARN_DIRECT_OBJC_ISA_USAGE = YES_ERROR;
				CLANG_WARN_DOCUMENTATION_COMMENTS = YES;
				CLANG_WARN_EMPTY_BODY = YES;
				CLANG_WARN_ENUM_CONVERSION = YES;
				CLANG_WARN_INFINITE_RECURSION = YES;
				CLANG_WARN_INT_CONVERSION = YES;
				CLANG_WARN_NON_LITERAL_NULL_CONVERSION = YES;
				CLANG_WARN_OBJC_IMPLICIT_RETAIN_SELF = YES;
				CLANG_WARN_OBJC_LITERAL_CONVERSION = YES;
				CLANG_WARN_OBJC_ROOT_CLASS = YES_ERROR;
				CLANG_WARN_QUOTED_INCLUDE_IN_FRAMEWORK_HEADER = YES;
				CLANG_WARN_RANGE_LOOP_ANALYSIS = YES;
				CLANG_WARN_STRICT_PROTOTYPES = YES;
				CLANG_WARN_SUSPICIOUS_MOVE = YES;
				CLANG_WARN_UNGUARDED_AVAILABILITY = YES_AGGRESSIVE;
				CLANG_WARN_UNREACHABLE_CODE = YES;
				CLANG_WARN__DUPLICATE_METHOD_MATCH = YES;
				COPY_PHASE_STRIP = NO;
				CURRENT_PROJECT_VERSION = 1;
				DEBUG_INFORMATION_FORMAT = "dwarf-with-dsym";
				ENABLE_NS_ASSERTIONS = NO;
				ENABLE_STRICT_OBJC_MSGSEND = YES;
				GCC_C_LANGUAGE_STANDARD = gnu11;
				GCC_NO_COMMON_BLOCKS = YES;
				GCC_WARN_64_TO_32_BIT_CONVERSION = YES;
				GCC_WARN_ABOUT_RETURN_TYPE = YES_ERROR;
				GCC_WARN_UNDECLARED_SELECTOR = YES;
				GCC_WARN_UNINITIALIZED_AUTOS = YES_AGGRESSIVE;
				GCC_WARN_UNUSED_FUNCTION = YES;
				GCC_WARN_UNUSED_VARIABLE = YES;
				IPHONEOS_DEPLOYMENT_TARGET = 17.0;
				MARKETING_VERSION = 1.0;
				MTL_ENABLE_DEBUG_INFO = NO;
				MTL_FAST_MATH = YES;
				PRODUCT_NAME = "$(TARGET_NAME)";
				SDKROOT = iphoneos;
				SWIFT_COMPILATION_MODE = wholemodule;
				SWIFT_OPTIMIZATION_LEVEL = "-O";
				SWIFT_VERSION = 5.9;
			};
			name = Release;
		};
/* End XCBuildConfiguration section */

/* Begin XCConfigurationList section */
		4AA8EF5413D6F73A71A00891 /* Build configuration list for PBXProject "Neuron" */ = {
			isa = XCConfigurationList;
			buildConfigurations = (
				5DAE487CBBA1263E1385B377 /* Debug */,
				F9E965586B7F8B392E668696 /* Release */,
			);
			defaultConfigurationIsVisible = 0;
			defaultConfigurationName = Debug;
		};
		FD37AD63EF0AEADABA89A42F /* Build configuration list for PBXNativeTarget "Neuron" */ = {
			isa = XCConfigurationList;
			buildConfigurations = (
				6731EC71D37F0866E8E7C7CC /* Debug */,
				8A3D4E45CC5C812AB4351FD7 /* Release */,
			);
			defaultConfigurationIsVisible = 0;
			defaultConfigurationName = Debug;
		};
/* End XCConfigurationList section */
	};
	rootObject = 877D061D8CC84E1EB156EA9B /* Project object */;
}
